# @generated by Move, please check-in and do not edit manually.

[move]
version = 0
manifest_digest = "54E900DEBD4A95FCD63A77E3BE27676D35B2BA876121F736B9EA6D73D8097454"
deps_digest = "F8BBB0CCB2491CA29A3DF03D6F92277A4F3574266507ACD77214D37ECA3F3082"

dependencies = [
  { name = "Sui" },
]

[[move.package]]
name = "MoveStdlib"
source = { git = "https://github.com/MystenLabs/sui.git", rev = "framework/devnet", subdir = "crates/sui-framework/packages/move-stdlib" }

[[move.package]]
name = "Sui"
source = { git = "https://github.com/MystenLabs/sui.git", rev = "framework/devnet", subdir = "crates/sui-framework/packages/sui-framework" }

dependencies = [
  { name = "MoveStdlib" },
]

[move.toolchain-version]
compiler-version = "1.26.0"
edition = "legacy"
flavor = "sui"

[env]

[env.devnet]
chain-id = "bd665407"
original-published-id = "0xb9c39e7f27b9f6034fcb27b83bf023a6d5acd861ade56aedf9890676b644d57a"
latest-published-id = "0xb9c39e7f27b9f6034fcb27b83bf023a6d5acd861ade56aedf9890676b644d57a"
published-version = "1"
